
Microsoft Visual Studio Solution File, Format Version 12.00
# Visual Studio Version 17
VisualStudioVersion = 17.1.32328.378
MinimumVisualStudioVersion = 10.0.40219.1
Project("{FAE04EC0-301F-11D3-BF4B-00C04F79EFBC}") = "RiseTechnologyAssessment", "RiseTechnologyAssessment\RiseTechnologyAssessment.csproj", "{61C6CF88-3BA3-46FB-987E-BEDC283C0656}"
EndProject
Global
	GlobalSection(SolutionConfigurationPlatforms) = preSolution
		Debug|Any CPU = Debug|Any CPU
		Release|Any CPU = Release|Any CPU
	EndGlobalSection
	GlobalSection(ProjectConfigurationPlatforms) = postSolution
		{61C6CF88-3BA3-46FB-987E-BEDC283C0656}.Debug|Any CPU.ActiveCfg = Debug|Any CPU
		{61C6CF88-3BA3-46FB-987E-BEDC283C0656}.Debug|Any CPU.Build.0 = Debug|Any CPU
		{61C6CF88-3BA3-46FB-987E-BEDC283C0656}.Release|Any CPU.ActiveCfg = Release|Any CPU
		{61C6CF88-3BA3-46FB-987E-BEDC283C0656}.Release|Any CPU.Build.0 = Release|Any CPU
	EndGlobalSection
	GlobalSection(SolutionProperties) = preSolution
		HideSolutionNode = FALSE
	EndGlobalSection
	GlobalSection(ExtensibilityGlobals) = postSolution
		SolutionGuid = {868BB50C-6D51-4DFC-A034-33A61E789C9A}
	EndGlobalSection
EndGlobal
